
Microsoft Visual Studio Solution File, Format Version 12.00
# Visual Studio 15
VisualStudioVersion = 15.0.27130.2010
MinimumVisualStudioVersion = 10.0.40219.1
Project("{9A19103F-16F7-4668-BE54-9A1E7A4F7556}") = "CustomerSVC", "CustomerSVC\CustomerSVC.csproj", "{1380422F-5EB8-4550-B6D0-D32A256B8693}"
EndProject
Project("{E53339B2-1760-4266-BCC7-CA923CBCF16C}") = "docker-compose", "docker-compose.dcproj", "{3F0BC9D0-5CB7-4CED-9D19-91673C8F82E3}"
EndProject
Project("{9A19103F-16F7-4668-BE54-9A1E7A4F7556}") = "OrderSVC", "OrderSVC\OrderSVC.csproj", "{8E217F1D-4263-4B31-B07D-58F61A98F33B}"
EndProject
Project("{9A19103F-16F7-4668-BE54-9A1E7A4F7556}") = "PaymentSVC", "PaymentSVC\PaymentSVC.csproj", "{E8D03D84-F731-4504-B486-70F498D2CEA4}"
EndProject
Project("{2150E333-8FDC-42A3-9474-1A3956D46DE8}") = "BuildingBlocks", "BuildingBlocks", "{2D3E224D-DBC9-44F3-9AC1-58B7526C5BF4}"
EndProject
Project("{2150E333-8FDC-42A3-9474-1A3956D46DE8}") = "EventBus", "EventBus", "{8B0A413E-1C00-49AA-9F6B-A063D3266A32}"
EndProject
Project("{9A19103F-16F7-4668-BE54-9A1E7A4F7556}") = "EventBus", "EventBus\EventBus.csproj", "{F346F120-B755-438D-83D4-9F7DF0482C19}"
EndProject
Project("{9A19103F-16F7-4668-BE54-9A1E7A4F7556}") = "EventBusRabbitMQ", "EventBusRabbitMQ\EventBusRabbitMQ.csproj", "{25238922-6963-454E-B9CB-9CEC3DCA41DF}"
EndProject
Project("{2150E333-8FDC-42A3-9474-1A3956D46DE8}") = "Common", "Common", "{50C94D9B-3435-482C-9DBC-1DEBBA2809D8}"
EndProject
Project("{9A19103F-16F7-4668-BE54-9A1E7A4F7556}") = "CommonIntegrationModel", "CommonIntegrationModel\CommonIntegrationModel.csproj", "{786DB16A-5298-485B-AC4A-61CCF4A5EEE9}"
EndProject
Global
	GlobalSection(SolutionConfigurationPlatforms) = preSolution
		Debug|Any CPU = Debug|Any CPU
		Release|Any CPU = Release|Any CPU
	EndGlobalSection
	GlobalSection(ProjectConfigurationPlatforms) = postSolution
		{1380422F-5EB8-4550-B6D0-D32A256B8693}.Debug|Any CPU.ActiveCfg = Debug|Any CPU
		{1380422F-5EB8-4550-B6D0-D32A256B8693}.Debug|Any CPU.Build.0 = Debug|Any CPU
		{1380422F-5EB8-4550-B6D0-D32A256B8693}.Release|Any CPU.ActiveCfg = Release|Any CPU
		{1380422F-5EB8-4550-B6D0-D32A256B8693}.Release|Any CPU.Build.0 = Release|Any CPU
		{3F0BC9D0-5CB7-4CED-9D19-91673C8F82E3}.Debug|Any CPU.ActiveCfg = Debug|Any CPU
		{3F0BC9D0-5CB7-4CED-9D19-91673C8F82E3}.Debug|Any CPU.Build.0 = Debug|Any CPU
		{3F0BC9D0-5CB7-4CED-9D19-91673C8F82E3}.Release|Any CPU.ActiveCfg = Release|Any CPU
		{3F0BC9D0-5CB7-4CED-9D19-91673C8F82E3}.Release|Any CPU.Build.0 = Release|Any CPU
		{8E217F1D-4263-4B31-B07D-58F61A98F33B}.Debug|Any CPU.ActiveCfg = Debug|Any CPU
		{8E217F1D-4263-4B31-B07D-58F61A98F33B}.Debug|Any CPU.Build.0 = Debug|Any CPU
		{8E217F1D-4263-4B31-B07D-58F61A98F33B}.Release|Any CPU.ActiveCfg = Release|Any CPU
		{8E217F1D-4263-4B31-B07D-58F61A98F33B}.Release|Any CPU.Build.0 = Release|Any CPU
		{E8D03D84-F731-4504-B486-70F498D2CEA4}.Debug|Any CPU.ActiveCfg = Debug|Any CPU
		{E8D03D84-F731-4504-B486-70F498D2CEA4}.Debug|Any CPU.Build.0 = Debug|Any CPU
		{E8D03D84-F731-4504-B486-70F498D2CEA4}.Release|Any CPU.ActiveCfg = Release|Any CPU
		{E8D03D84-F731-4504-B486-70F498D2CEA4}.Release|Any CPU.Build.0 = Release|Any CPU
		{F346F120-B755-438D-83D4-9F7DF0482C19}.Debug|Any CPU.ActiveCfg = Debug|Any CPU
		{F346F120-B755-438D-83D4-9F7DF0482C19}.Debug|Any CPU.Build.0 = Debug|Any CPU
		{F346F120-B755-438D-83D4-9F7DF0482C19}.Release|Any CPU.ActiveCfg = Release|Any CPU
		{F346F120-B755-438D-83D4-9F7DF0482C19}.Release|Any CPU.Build.0 = Release|Any CPU
		{25238922-6963-454E-B9CB-9CEC3DCA41DF}.Debug|Any CPU.ActiveCfg = Debug|Any CPU
		{25238922-6963-454E-B9CB-9CEC3DCA41DF}.Debug|Any CPU.Build.0 = Debug|Any CPU
		{25238922-6963-454E-B9CB-9CEC3DCA41DF}.Release|Any CPU.ActiveCfg = Release|Any CPU
		{25238922-6963-454E-B9CB-9CEC3DCA41DF}.Release|Any CPU.Build.0 = Release|Any CPU
		{786DB16A-5298-485B-AC4A-61CCF4A5EEE9}.Debug|Any CPU.ActiveCfg = Debug|Any CPU
		{786DB16A-5298-485B-AC4A-61CCF4A5EEE9}.Debug|Any CPU.Build.0 = Debug|Any CPU
		{786DB16A-5298-485B-AC4A-61CCF4A5EEE9}.Release|Any CPU.ActiveCfg = Release|Any CPU
		{786DB16A-5298-485B-AC4A-61CCF4A5EEE9}.Release|Any CPU.Build.0 = Release|Any CPU
	EndGlobalSection
	GlobalSection(SolutionProperties) = preSolution
		HideSolutionNode = FALSE
	EndGlobalSection
	GlobalSection(NestedProjects) = preSolution
		{8B0A413E-1C00-49AA-9F6B-A063D3266A32} = {2D3E224D-DBC9-44F3-9AC1-58B7526C5BF4}
		{F346F120-B755-438D-83D4-9F7DF0482C19} = {8B0A413E-1C00-49AA-9F6B-A063D3266A32}
		{25238922-6963-454E-B9CB-9CEC3DCA41DF} = {8B0A413E-1C00-49AA-9F6B-A063D3266A32}
		{50C94D9B-3435-482C-9DBC-1DEBBA2809D8} = {2D3E224D-DBC9-44F3-9AC1-58B7526C5BF4}
		{786DB16A-5298-485B-AC4A-61CCF4A5EEE9} = {50C94D9B-3435-482C-9DBC-1DEBBA2809D8}
	EndGlobalSection
	GlobalSection(ExtensibilityGlobals) = postSolution
		SolutionGuid = {E2DDB175-6047-46EA-B778-7E09D7B8A2B1}
	EndGlobalSection
EndGlobal
